
Microsoft Visual Studio Solution File, Format Version 12.00
# Visual Studio 14
VisualStudioVersion = 14.0.25420.1
MinimumVisualStudioVersion = 10.0.40219.1
Project("{FAE04EC0-301F-11D3-BF4B-00C04F79EFBC}") = "01_SerializarXML", "01_SerializarXML\01_SerializarXML.csproj", "{6ABDBB03-992D-49B3-B2BA-F96309548EED}"
EndProject
Project("{FAE04EC0-301F-11D3-BF4B-00C04F79EFBC}") = "00_Biblioteca", "00_Biblioteca\00_Biblioteca.csproj", "{A968708B-8883-47DD-9276-C11CA1F2DC2B}"
EndProject
Project("{FAE04EC0-301F-11D3-BF4B-00C04F79EFBC}") = "02_DeserializarXML", "02_DeserializarXML\02_DeserializarXML.csproj", "{90B4EC74-3D52-494C-9D10-64B8874EE27F}"
EndProject
Project("{FAE04EC0-301F-11D3-BF4B-00C04F79EFBC}") = "00_SerializarJSON", "00_SerializarJSON\00_SerializarJSON.csproj", "{319A97E2-7F71-4B02-8093-E339C32A2D9B}"
EndProject
Project("{FAE04EC0-301F-11D3-BF4B-00C04F79EFBC}") = "04_DeserializarJSON", "04_DeserializarJSON\04_DeserializarJSON.csproj", "{3DB1EA78-5609-472C-84B8-BAF4A838ABA7}"
EndProject
Global
	GlobalSection(SolutionConfigurationPlatforms) = preSolution
		Debug|Any CPU = Debug|Any CPU
		Release|Any CPU = Release|Any CPU
	EndGlobalSection
	GlobalSection(ProjectConfigurationPlatforms) = postSolution
		{6ABDBB03-992D-49B3-B2BA-F96309548EED}.Debug|Any CPU.ActiveCfg = Debug|Any CPU
		{6ABDBB03-992D-49B3-B2BA-F96309548EED}.Debug|Any CPU.Build.0 = Debug|Any CPU
		{6ABDBB03-992D-49B3-B2BA-F96309548EED}.Release|Any CPU.ActiveCfg = Release|Any CPU
		{6ABDBB03-992D-49B3-B2BA-F96309548EED}.Release|Any CPU.Build.0 = Release|Any CPU
		{A968708B-8883-47DD-9276-C11CA1F2DC2B}.Debug|Any CPU.ActiveCfg = Debug|Any CPU
		{A968708B-8883-47DD-9276-C11CA1F2DC2B}.Debug|Any CPU.Build.0 = Debug|Any CPU
		{A968708B-8883-47DD-9276-C11CA1F2DC2B}.Release|Any CPU.ActiveCfg = Release|Any CPU
		{A968708B-8883-47DD-9276-C11CA1F2DC2B}.Release|Any CPU.Build.0 = Release|Any CPU
		{90B4EC74-3D52-494C-9D10-64B8874EE27F}.Debug|Any CPU.ActiveCfg = Debug|Any CPU
		{90B4EC74-3D52-494C-9D10-64B8874EE27F}.Debug|Any CPU.Build.0 = Debug|Any CPU
		{90B4EC74-3D52-494C-9D10-64B8874EE27F}.Release|Any CPU.ActiveCfg = Release|Any CPU
		{90B4EC74-3D52-494C-9D10-64B8874EE27F}.Release|Any CPU.Build.0 = Release|Any CPU
		{319A97E2-7F71-4B02-8093-E339C32A2D9B}.Debug|Any CPU.ActiveCfg = Debug|Any CPU
		{319A97E2-7F71-4B02-8093-E339C32A2D9B}.Debug|Any CPU.Build.0 = Debug|Any CPU
		{319A97E2-7F71-4B02-8093-E339C32A2D9B}.Release|Any CPU.ActiveCfg = Release|Any CPU
		{319A97E2-7F71-4B02-8093-E339C32A2D9B}.Release|Any CPU.Build.0 = Release|Any CPU
		{3DB1EA78-5609-472C-84B8-BAF4A838ABA7}.Debug|Any CPU.ActiveCfg = Debug|Any CPU
		{3DB1EA78-5609-472C-84B8-BAF4A838ABA7}.Debug|Any CPU.Build.0 = Debug|Any CPU
		{3DB1EA78-5609-472C-84B8-BAF4A838ABA7}.Release|Any CPU.ActiveCfg = Release|Any CPU
		{3DB1EA78-5609-472C-84B8-BAF4A838ABA7}.Release|Any CPU.Build.0 = Release|Any CPU
	EndGlobalSection
	GlobalSection(SolutionProperties) = preSolution
		HideSolutionNode = FALSE
	EndGlobalSection
	GlobalSection(ExtensibilityGlobals) = postSolution
		SolutionGuid = {707FD7C5-6A56-419C-8D47-75D919258991}
	EndGlobalSection
EndGlobal
